
Microsoft Visual Studio Solution File, Format Version 12.00
# Visual Studio 15
VisualStudioVersion = 15.0.27703.2000
MinimumVisualStudioVersion = 10.0.40219.1
Project("{9A19103F-16F7-4668-BE54-9A1E7A4F7556}") = "SerialNumber", "SerialNumber\SerialNumber.csproj", "{EA44673A-C06F-49B5-9BF9-51153F272121}"
EndProject
Project("{2150E333-8FDC-42A3-9474-1A3956D46DE8}") = "Solution Items", "Solution Items", "{03BE0D9A-4E0D-435A-8952-0872B3346FA3}"
	ProjectSection(SolutionItems) = preProject
		README.md = README.md
	EndProjectSection
EndProject
Project("{FAE04EC0-301F-11D3-BF4B-00C04F79EFBC}") = "SerialNumberUnitTest", "SerialNumberUnitTest\SerialNumberUnitTest.csproj", "{C4C56461-4785-47FC-A99B-5F9F9DC3A093}"
EndProject
Global
	GlobalSection(SolutionConfigurationPlatforms) = preSolution
		Debug|Any CPU = Debug|Any CPU
		Release|Any CPU = Release|Any CPU
	EndGlobalSection
	GlobalSection(ProjectConfigurationPlatforms) = postSolution
		{EA44673A-C06F-49B5-9BF9-51153F272121}.Debug|Any CPU.ActiveCfg = Debug|Any CPU
		{EA44673A-C06F-49B5-9BF9-51153F272121}.Debug|Any CPU.Build.0 = Debug|Any CPU
		{EA44673A-C06F-49B5-9BF9-51153F272121}.Release|Any CPU.ActiveCfg = Release|Any CPU
		{EA44673A-C06F-49B5-9BF9-51153F272121}.Release|Any CPU.Build.0 = Release|Any CPU
		{C4C56461-4785-47FC-A99B-5F9F9DC3A093}.Debug|Any CPU.ActiveCfg = Debug|Any CPU
		{C4C56461-4785-47FC-A99B-5F9F9DC3A093}.Debug|Any CPU.Build.0 = Debug|Any CPU
		{C4C56461-4785-47FC-A99B-5F9F9DC3A093}.Release|Any CPU.ActiveCfg = Release|Any CPU
		{C4C56461-4785-47FC-A99B-5F9F9DC3A093}.Release|Any CPU.Build.0 = Release|Any CPU
	EndGlobalSection
	GlobalSection(SolutionProperties) = preSolution
		HideSolutionNode = FALSE
	EndGlobalSection
	GlobalSection(ExtensibilityGlobals) = postSolution
		SolutionGuid = {C3E62E24-4138-4E57-A887-F9053989B3C3}
	EndGlobalSection
EndGlobal
